
Microsoft Visual Studio Solution File, Format Version 12.00
# Visual Studio Version 16
VisualStudioVersion = 16.0.30611.23
MinimumVisualStudioVersion = 10.0.40219.1
Project("{FAE04EC0-301F-11D3-BF4B-00C04F79EFBC}") = "Lab.Capas", "Lab.Capas\Lab.Capas.csproj", "{F7CE7DEB-0F7B-49C6-B0D8-D7E15401F6F0}"
EndProject
Project("{FAE04EC0-301F-11D3-BF4B-00C04F79EFBC}") = "Lab.Demo.Entities", "Lab.Demo.Entities\Lab.Demo.Entities.csproj", "{163A7ED6-B9CA-4915-9E4D-7A8C1353F93E}"
EndProject
Project("{FAE04EC0-301F-11D3-BF4B-00C04F79EFBC}") = "Lab.Demo.ResourceAccess", "Lab.Demo.ResourceAccess\Lab.Demo.ResourceAccess.csproj", "{A62F2BB8-9F9C-4740-A3F5-22E1A380205F}"
EndProject
Project("{FAE04EC0-301F-11D3-BF4B-00C04F79EFBC}") = "Lab.Demo.Logic", "Lab.Demo.Logic\Lab.Demo.Logic.csproj", "{50E57936-604F-4525-AD11-4EEB3D31D653}"
EndProject
Global
	GlobalSection(SolutionConfigurationPlatforms) = preSolution
		Debug|Any CPU = Debug|Any CPU
		Release|Any CPU = Release|Any CPU
	EndGlobalSection
	GlobalSection(ProjectConfigurationPlatforms) = postSolution
		{F7CE7DEB-0F7B-49C6-B0D8-D7E15401F6F0}.Debug|Any CPU.ActiveCfg = Debug|Any CPU
		{F7CE7DEB-0F7B-49C6-B0D8-D7E15401F6F0}.Debug|Any CPU.Build.0 = Debug|Any CPU
		{F7CE7DEB-0F7B-49C6-B0D8-D7E15401F6F0}.Release|Any CPU.ActiveCfg = Release|Any CPU
		{F7CE7DEB-0F7B-49C6-B0D8-D7E15401F6F0}.Release|Any CPU.Build.0 = Release|Any CPU
		{163A7ED6-B9CA-4915-9E4D-7A8C1353F93E}.Debug|Any CPU.ActiveCfg = Debug|Any CPU
		{163A7ED6-B9CA-4915-9E4D-7A8C1353F93E}.Debug|Any CPU.Build.0 = Debug|Any CPU
		{163A7ED6-B9CA-4915-9E4D-7A8C1353F93E}.Release|Any CPU.ActiveCfg = Release|Any CPU
		{163A7ED6-B9CA-4915-9E4D-7A8C1353F93E}.Release|Any CPU.Build.0 = Release|Any CPU
		{A62F2BB8-9F9C-4740-A3F5-22E1A380205F}.Debug|Any CPU.ActiveCfg = Debug|Any CPU
		{A62F2BB8-9F9C-4740-A3F5-22E1A380205F}.Debug|Any CPU.Build.0 = Debug|Any CPU
		{A62F2BB8-9F9C-4740-A3F5-22E1A380205F}.Release|Any CPU.ActiveCfg = Release|Any CPU
		{A62F2BB8-9F9C-4740-A3F5-22E1A380205F}.Release|Any CPU.Build.0 = Release|Any CPU
		{50E57936-604F-4525-AD11-4EEB3D31D653}.Debug|Any CPU.ActiveCfg = Debug|Any CPU
		{50E57936-604F-4525-AD11-4EEB3D31D653}.Debug|Any CPU.Build.0 = Debug|Any CPU
		{50E57936-604F-4525-AD11-4EEB3D31D653}.Release|Any CPU.ActiveCfg = Release|Any CPU
		{50E57936-604F-4525-AD11-4EEB3D31D653}.Release|Any CPU.Build.0 = Release|Any CPU
	EndGlobalSection
	GlobalSection(SolutionProperties) = preSolution
		HideSolutionNode = FALSE
	EndGlobalSection
	GlobalSection(ExtensibilityGlobals) = postSolution
		SolutionGuid = {98A6D5F8-B096-4275-A049-0AC354CFBE07}
	EndGlobalSection
EndGlobal
